{
  "requires": true,
  "lockfileVersion": 1,
  "dependencies": {
    "flot": {
      "version": "4.1.0",
      "resolved": "https://registry.npmjs.org/flot/-/flot-4.1.0.tgz",
      "integrity": "sha512-mkk0o+G9oYL2fOlc+Q2mhlzV1Tx7orffXCpGHwZ7aaQs//wvr6Aal6eiDGi09us9KDjoYlwyEBT/6Zeqxml9SA=="
    }
  }
}
